<?xml version="1.0" encoding="utf-8"?>
<Project ToolsVersion="4.0" xmlns="http://schemas.microsoft.com/developer/msbuild/2003">
  <ItemGroup>
    <Filter Include="platform">
      <UniqueIdentifier>{04f77ad3-e10b-4a33-9908-0775df3f1e68}</UniqueIdentifier>
    </Filter>
    <Filter Include="platform\windows">
      <UniqueIdentifier>{35bae726-8402-4cd5-8bd1-189946692111}</UniqueIdentifier>
    </Filter>
  </ItemGroup>
  <ItemGroup>
    <ClCompile Include="..\..\csv.c" />
    <ClCompile Include="..\..\etripator.c" />
    <ClCompile Include="..\..\irq.c" />
    <ClCompile Include="..\..\labels.c" />
    <ClCompile Include="..\..\opcodes.c" />
    <ClCompile Include="..\..\options.c" />
    <ClCompile Include="..\..\rbtree.c" />
    <ClCompile Include="..\..\section.c" />
    <ClCompile Include="getopt1.c">
      <Filter>platform\windows</Filter>
    </ClCompile>
    <ClCompile Include="strndup.c">
      <Filter>platform\windows</Filter>
    </ClCompile>
    <ClCompile Include="winmmap.c">
      <Filter>platform\windows</Filter>
    </ClCompile>
    <ClCompile Include="getopt.c" />
  </ItemGroup>
  <ItemGroup>
    <ClInclude Include="..\..\csv.h" />
    <ClInclude Include="..\..\irq.h" />
    <ClInclude Include="..\..\labels.h" />
    <ClInclude Include="..\..\opcodes.h" />
    <ClInclude Include="..\..\options.h" />
    <ClInclude Include="..\..\rbtree.h" />
    <ClInclude Include="..\..\section.h" />
    <ClInclude Include="getopt_win.h">
      <Filter>platform\windows</Filter>
    </ClInclude>
    <ClInclude Include="inttypes.h">
      <Filter>platform\windows</Filter>
    </ClInclude>
    <ClInclude Include="stdint.h">
      <Filter>platform\windows</Filter>
    </ClInclude>
    <ClInclude Include="winmmap.h">
      <Filter>platform\windows</Filter>
    </ClInclude>
    <ClInclude Include="strndup.h">
      <Filter>platform\windows</Filter>
    </ClInclude>
  </ItemGroup>
</Project>